cuda-pathfinder==1.8.3
cupy-cuda12x==14.2.0
flatbuffers==25.12.19
ml-dtypes==0.6.0
numpy==2.5.3
nvidia-cublas-cu12==12.9.2.10
nvidia-cuda-nvrtc-cu12==12.9.86
nvidia-cuda-runtime-cu12==12.9.79
nvidia-cudnn-cu12==9.27.0.42
nvidia-cufft-cu12==11.4.1.4
nvidia-curand-cu12==10.3.10.19
nvidia-nvjitlink-cu12==12.9.86
onnx==1.23.1
onnxruntime-gpu==1.26.0
opencv-python-headless==4.13.0.92
packaging==26.3
protobuf==7.36.2
pynvvideocodec==2.2.3
tensorrt-cu12==11.3.0.99
tensorrt-cu12-bindings==11.3.0.99
tensorrt-cu12-libs @ https://pypi.nvidia.com/tensorrt-cu12-libs/tensorrt_cu12_libs-11.3.0.99-py3-none-manylinux_2_28_x86_64.whl#sha256=aa156888838a37dcab4b93dfb20d7417f183dce1ef206dc73f14d3ad37a71a1f
typing-extensions==4.16.0
